
Microsoft Visual Studio Solution File, Format Version 12.00
# Visual Studio 15
VisualStudioVersion = 15.0.26730.12
MinimumVisualStudioVersion = 10.0.40219.1
Project("{FAE04EC0-301F-11D3-BF4B-00C04F79EFBC}") = "edX.DataApp.Lab.Console", "edX.DataApp.Lab.Console\edX.DataApp.Lab.Console.csproj", "{2E3C8AE8-612E-4DBB-939A-DD8C47BC927B}"
EndProject
Global
	GlobalSection(SolutionConfigurationPlatforms) = preSolution
		Debug|Any CPU = Debug|Any CPU
		Release|Any CPU = Release|Any CPU
	EndGlobalSection
	GlobalSection(ProjectConfigurationPlatforms) = postSolution
		{2E3C8AE8-612E-4DBB-939A-DD8C47BC927B}.Debug|Any CPU.ActiveCfg = Debug|Any CPU
		{2E3C8AE8-612E-4DBB-939A-DD8C47BC927B}.Debug|Any CPU.Build.0 = Debug|Any CPU
		{2E3C8AE8-612E-4DBB-939A-DD8C47BC927B}.Release|Any CPU.ActiveCfg = Release|Any CPU
		{2E3C8AE8-612E-4DBB-939A-DD8C47BC927B}.Release|Any CPU.Build.0 = Release|Any CPU
	EndGlobalSection
	GlobalSection(SolutionProperties) = preSolution
		HideSolutionNode = FALSE
	EndGlobalSection
	GlobalSection(ExtensibilityGlobals) = postSolution
		SolutionGuid = {45355BE6-63BF-40E0-B9B5-B6B1864BC0DD}
	EndGlobalSection
EndGlobal
